
Microsoft Visual Studio Solution File, Format Version 12.00
# Visual Studio Version 17
VisualStudioVersion = 17.14.36518.9 d17.14
MinimumVisualStudioVersion = 10.0.40219.1
Project("{FAE04EC0-301F-11D3-BF4B-00C04F79EFBC}") = "Customize-image-data", "Customize-image-data\Customize-image-data.csproj", "{BCAAE88C-EBAD-4E42-9FB5-96C2E520171C}"
EndProject
Global
	GlobalSection(SolutionConfigurationPlatforms) = preSolution
		Debug|Any CPU = Debug|Any CPU
		Release|Any CPU = Release|Any CPU
	EndGlobalSection
	GlobalSection(ProjectConfigurationPlatforms) = postSolution
		{BCAAE88C-EBAD-4E42-9FB5-96C2E520171C}.Debug|Any CPU.ActiveCfg = Debug|Any CPU
		{BCAAE88C-EBAD-4E42-9FB5-96C2E520171C}.Debug|Any CPU.Build.0 = Debug|Any CPU
		{BCAAE88C-EBAD-4E42-9FB5-96C2E520171C}.Release|Any CPU.ActiveCfg = Release|Any CPU
		{BCAAE88C-EBAD-4E42-9FB5-96C2E520171C}.Release|Any CPU.Build.0 = Release|Any CPU
	EndGlobalSection
	GlobalSection(SolutionProperties) = preSolution
		HideSolutionNode = FALSE
	EndGlobalSection
	GlobalSection(ExtensibilityGlobals) = postSolution
		SolutionGuid = {8D0F95C8-6349-4B43-8871-D664FB62F203}
	EndGlobalSection
EndGlobal
